{
  "originHash" : "f8a0db239c6de4472428fbeb321c7ff5b436762d439ad53f723aadd3e23e5cb2",
  "pins" : [
    {
      "identity" : "stripe-ios",
      "kind" : "remoteSourceControl",
      "location" : "https://github.com/stripe/stripe-ios",
      "state" : {
        "revision" : "054101491cbd4e1cc712f3c618c37a93c9e9f2bd",
        "version" : "24.20.0"
      }
    }
  ],
  "version" : 3
}
